
Microsoft Visual Studio Solution File, Format Version 12.00
# Visual Studio Version 17
VisualStudioVersion = 17.2.32616.157
MinimumVisualStudioVersion = 10.0.40219.1
Project("{9A19103F-16F7-4668-BE54-9A1E7A4F7556}") = "Storyblok.NET", "Storyblok.NET\Storyblok.NET.csproj", "{F40C3F8F-8468-46CC-A7C1-23AF0FE3C8F4}"
EndProject
Global
	GlobalSection(SolutionConfigurationPlatforms) = preSolution
		Debug|Any CPU = Debug|Any CPU
		Release|Any CPU = Release|Any CPU
	EndGlobalSection
	GlobalSection(ProjectConfigurationPlatforms) = postSolution
		{F40C3F8F-8468-46CC-A7C1-23AF0FE3C8F4}.Debug|Any CPU.ActiveCfg = Debug|Any CPU
		{F40C3F8F-8468-46CC-A7C1-23AF0FE3C8F4}.Debug|Any CPU.Build.0 = Debug|Any CPU
		{F40C3F8F-8468-46CC-A7C1-23AF0FE3C8F4}.Release|Any CPU.ActiveCfg = Release|Any CPU
		{F40C3F8F-8468-46CC-A7C1-23AF0FE3C8F4}.Release|Any CPU.Build.0 = Release|Any CPU
	EndGlobalSection
	GlobalSection(SolutionProperties) = preSolution
		HideSolutionNode = FALSE
	EndGlobalSection
	GlobalSection(ExtensibilityGlobals) = postSolution
		SolutionGuid = {ED412770-8A2C-4CA6-85FA-392E82144E53}
	EndGlobalSection
EndGlobal
